
Microsoft Visual Studio Solution File, Format Version 12.00
# Visual Studio Version 17
VisualStudioVersion = 17.3.32825.248
MinimumVisualStudioVersion = 10.0.40219.1
Project("{9A19103F-16F7-4668-BE54-9A1E7A4F7556}") = "Curupira2D", "Curupira2D\Curupira2D.csproj", "{20A37E74-DCAD-4986-B199-B6BCFF017231}"
EndProject
Project("{2150E333-8FDC-42A3-9474-1A3956D46DE8}") = "Samples", "Samples", "{FE4E0B1F-9B5B-4FA7-B12D-8CABBF5F98F6}"
EndProject
Project("{9A19103F-16F7-4668-BE54-9A1E7A4F7556}") = "Curupira2D.GameComponents", "Curupira2D.GameComponents\Curupira2D.GameComponents.csproj", "{07F3723C-DA23-4223-B97D-B0D4CFAC8411}"
EndProject
Project("{9A19103F-16F7-4668-BE54-9A1E7A4F7556}") = "Curupira2D.Mobile.Samples", "..\samples\Curupira2D.Mobile.Samples\Curupira2D.Mobile.Samples.csproj", "{DCDED6C6-E02D-4137-B37E-240B6596CDD0}"
EndProject
Project("{2150E333-8FDC-42A3-9474-1A3956D46DE8}") = "WebSocket", "WebSocket", "{7311327C-472B-413D-9ACF-5DEA84333700}"
EndProject
Project("{9A19103F-16F7-4668-BE54-9A1E7A4F7556}") = "WebSocketClient", "..\samples\WebSocket\WebSocketClient\WebSocketClient.csproj", "{5ACC58E4-EB42-460C-B01C-9D0AA2460130}"
EndProject
Project("{2150E333-8FDC-42A3-9474-1A3956D46DE8}") = "WebSocketServer", "WebSocketServer", "{8C1F2B1E-14C1-4919-B7FA-739D77E44AE1}"
	ProjectSection(SolutionItems) = preProject
		..\samples\WebSocket\WebSocketServer\index.js = ..\samples\WebSocket\WebSocketServer\index.js
		..\samples\WebSocket\WebSocketServer\package.json = ..\samples\WebSocket\WebSocketServer\package.json
	EndProjectSection
EndProject
Project("{9A19103F-16F7-4668-BE54-9A1E7A4F7556}") = "Curupira2D.Samples", "..\samples\Curupira2D.Samples\Curupira2D.Samples.csproj", "{7C25C98A-1C09-4843-A606-C76B57B63DBA}"
EndProject
Project("{FAE04EC0-301F-11D3-BF4B-00C04F79EFBC}") = "Curupira2D.AI", "Curupira2D.AI\Curupira2D.AI.csproj", "{851F92E6-5C57-4FFB-8CFC-B02C75FBD5D5}"
EndProject
Project("{FAE04EC0-301F-11D3-BF4B-00C04F79EFBC}") = "Curupira2D.AI.Samples", "..\samples\Curupira2D.AI.Samples\Curupira2D.AI.Samples.csproj", "{9E9BC95F-6248-47DA-99D3-69D1A171BEE2}"
EndProject
Global
	GlobalSection(SolutionConfigurationPlatforms) = preSolution
		Debug|Any CPU = Debug|Any CPU
		Release|Any CPU = Release|Any CPU
	EndGlobalSection
	GlobalSection(ProjectConfigurationPlatforms) = postSolution
		{20A37E74-DCAD-4986-B199-B6BCFF017231}.Debug|Any CPU.ActiveCfg = Debug|Any CPU
		{20A37E74-DCAD-4986-B199-B6BCFF017231}.Debug|Any CPU.Build.0 = Debug|Any CPU
		{20A37E74-DCAD-4986-B199-B6BCFF017231}.Release|Any CPU.ActiveCfg = Release|Any CPU
		{20A37E74-DCAD-4986-B199-B6BCFF017231}.Release|Any CPU.Build.0 = Release|Any CPU
		{07F3723C-DA23-4223-B97D-B0D4CFAC8411}.Debug|Any CPU.ActiveCfg = Debug|Any CPU
		{07F3723C-DA23-4223-B97D-B0D4CFAC8411}.Debug|Any CPU.Build.0 = Debug|Any CPU
		{07F3723C-DA23-4223-B97D-B0D4CFAC8411}.Release|Any CPU.ActiveCfg = Release|Any CPU
		{07F3723C-DA23-4223-B97D-B0D4CFAC8411}.Release|Any CPU.Build.0 = Release|Any CPU
		{DCDED6C6-E02D-4137-B37E-240B6596CDD0}.Debug|Any CPU.ActiveCfg = Debug|Any CPU
		{DCDED6C6-E02D-4137-B37E-240B6596CDD0}.Debug|Any CPU.Build.0 = Debug|Any CPU
		{DCDED6C6-E02D-4137-B37E-240B6596CDD0}.Debug|Any CPU.Deploy.0 = Debug|Any CPU
		{DCDED6C6-E02D-4137-B37E-240B6596CDD0}.Release|Any CPU.ActiveCfg = Release|Any CPU
		{DCDED6C6-E02D-4137-B37E-240B6596CDD0}.Release|Any CPU.Build.0 = Release|Any CPU
		{DCDED6C6-E02D-4137-B37E-240B6596CDD0}.Release|Any CPU.Deploy.0 = Release|Any CPU
		{5ACC58E4-EB42-460C-B01C-9D0AA2460130}.Debug|Any CPU.ActiveCfg = Debug|Any CPU
		{5ACC58E4-EB42-460C-B01C-9D0AA2460130}.Debug|Any CPU.Build.0 = Debug|Any CPU
		{5ACC58E4-EB42-460C-B01C-9D0AA2460130}.Release|Any CPU.ActiveCfg = Release|Any CPU
		{5ACC58E4-EB42-460C-B01C-9D0AA2460130}.Release|Any CPU.Build.0 = Release|Any CPU
		{7C25C98A-1C09-4843-A606-C76B57B63DBA}.Debug|Any CPU.ActiveCfg = Debug|Any CPU
		{7C25C98A-1C09-4843-A606-C76B57B63DBA}.Debug|Any CPU.Build.0 = Debug|Any CPU
		{7C25C98A-1C09-4843-A606-C76B57B63DBA}.Release|Any CPU.ActiveCfg = Release|Any CPU
		{7C25C98A-1C09-4843-A606-C76B57B63DBA}.Release|Any CPU.Build.0 = Release|Any CPU
	EndGlobalSection
	GlobalSection(SolutionProperties) = preSolution
		HideSolutionNode = FALSE
	EndGlobalSection
	GlobalSection(NestedProjects) = preSolution
		{DCDED6C6-E02D-4137-B37E-240B6596CDD0} = {FE4E0B1F-9B5B-4FA7-B12D-8CABBF5F98F6}
		{7311327C-472B-413D-9ACF-5DEA84333700} = {FE4E0B1F-9B5B-4FA7-B12D-8CABBF5F98F6}
		{5ACC58E4-EB42-460C-B01C-9D0AA2460130} = {7311327C-472B-413D-9ACF-5DEA84333700}
		{8C1F2B1E-14C1-4919-B7FA-739D77E44AE1} = {7311327C-472B-413D-9ACF-5DEA84333700}
		{7C25C98A-1C09-4843-A606-C76B57B63DBA} = {FE4E0B1F-9B5B-4FA7-B12D-8CABBF5F98F6}
	EndGlobalSection
	GlobalSection(ExtensibilityGlobals) = postSolution
		SolutionGuid = {F7FBE376-4118-4915-9F60-A6E7253981BD}
	EndGlobalSection
EndGlobal
